
Microsoft Visual Studio Solution File, Format Version 12.00
# Visual Studio Version 16
VisualStudioVersion = 16.0.33927.289
MinimumVisualStudioVersion = 10.0.40219.1
Project("{FAE04EC0-301F-11D3-BF4B-00C04F79EFBC}") = "MvcProjectCamp", "MvcProjectCamp\MvcProjectCamp.csproj", "{FB8DDC3F-BDCE-4C97-A31F-0B55F5A4C6EF}"
EndProject
Project("{FAE04EC0-301F-11D3-BF4B-00C04F79EFBC}") = "EntityLayer", "EntityLayer\EntityLayer.csproj", "{FD020713-66F9-4DC6-8605-A110D9D47489}"
EndProject
Project("{FAE04EC0-301F-11D3-BF4B-00C04F79EFBC}") = "DataAccessLayer", "DataAccessLayer\DataAccessLayer.csproj", "{C5FD6454-E985-4553-AAB3-5FF7717D82D6}"
EndProject
Project("{FAE04EC0-301F-11D3-BF4B-00C04F79EFBC}") = "BusinessLayer", "BusinessLayer\BusinessLayer.csproj", "{9F575E90-E870-4F62-B520-87CB4CDAD0ED}"
EndProject
Global
	GlobalSection(SolutionConfigurationPlatforms) = preSolution
		Debug|Any CPU = Debug|Any CPU
		Release|Any CPU = Release|Any CPU
	EndGlobalSection
	GlobalSection(ProjectConfigurationPlatforms) = postSolution
		{FB8DDC3F-BDCE-4C97-A31F-0B55F5A4C6EF}.Debug|Any CPU.ActiveCfg = Debug|Any CPU
		{FB8DDC3F-BDCE-4C97-A31F-0B55F5A4C6EF}.Debug|Any CPU.Build.0 = Debug|Any CPU
		{FB8DDC3F-BDCE-4C97-A31F-0B55F5A4C6EF}.Release|Any CPU.ActiveCfg = Release|Any CPU
		{FB8DDC3F-BDCE-4C97-A31F-0B55F5A4C6EF}.Release|Any CPU.Build.0 = Release|Any CPU
		{FD020713-66F9-4DC6-8605-A110D9D47489}.Debug|Any CPU.ActiveCfg = Debug|Any CPU
		{FD020713-66F9-4DC6-8605-A110D9D47489}.Debug|Any CPU.Build.0 = Debug|Any CPU
		{FD020713-66F9-4DC6-8605-A110D9D47489}.Release|Any CPU.ActiveCfg = Release|Any CPU
		{FD020713-66F9-4DC6-8605-A110D9D47489}.Release|Any CPU.Build.0 = Release|Any CPU
		{C5FD6454-E985-4553-AAB3-5FF7717D82D6}.Debug|Any CPU.ActiveCfg = Debug|Any CPU
		{C5FD6454-E985-4553-AAB3-5FF7717D82D6}.Debug|Any CPU.Build.0 = Debug|Any CPU
		{C5FD6454-E985-4553-AAB3-5FF7717D82D6}.Release|Any CPU.ActiveCfg = Release|Any CPU
		{C5FD6454-E985-4553-AAB3-5FF7717D82D6}.Release|Any CPU.Build.0 = Release|Any CPU
		{9F575E90-E870-4F62-B520-87CB4CDAD0ED}.Debug|Any CPU.ActiveCfg = Debug|Any CPU
		{9F575E90-E870-4F62-B520-87CB4CDAD0ED}.Debug|Any CPU.Build.0 = Debug|Any CPU
		{9F575E90-E870-4F62-B520-87CB4CDAD0ED}.Release|Any CPU.ActiveCfg = Release|Any CPU
		{9F575E90-E870-4F62-B520-87CB4CDAD0ED}.Release|Any CPU.Build.0 = Release|Any CPU
	EndGlobalSection
	GlobalSection(SolutionProperties) = preSolution
		HideSolutionNode = FALSE
	EndGlobalSection
	GlobalSection(ExtensibilityGlobals) = postSolution
		SolutionGuid = {46D6B3D5-AC27-46B4-89E6-BBD554F84180}
	EndGlobalSection
EndGlobal
